
Microsoft Visual Studio Solution File, Format Version 12.00
Project("{2150E333-8FDC-42A3-9474-1A3956D46DE8}") = "Infrastructure", "Infrastructure", "{DBB08DEB-56CE-4A5E-93A5-8517F008765F}"
EndProject
Project("{FAE04EC0-301F-11D3-BF4B-00C04F79EFBC}") = "Persistence", "Persistence\Persistence.csproj", "{8A65A063-929F-4CD7-8298-8D470739A0F8}"
EndProject
Project("{2150E333-8FDC-42A3-9474-1A3956D46DE8}") = "UI", "UI", "{6ED8001B-497B-4003-AAE9-7FB362B00F26}"
EndProject
Project("{2150E333-8FDC-42A3-9474-1A3956D46DE8}") = "Tests", "Tests", "{D9BE291A-B912-4320-AAE1-EEF14F6E7368}"
EndProject
Project("{FAE04EC0-301F-11D3-BF4B-00C04F79EFBC}") = "WebApplication1", "WebApplication1\WebApplication1.csproj", "{78F8A2DF-0937-41FA-84C9-FD03B765BEFA}"
EndProject
Project("{FAE04EC0-301F-11D3-BF4B-00C04F79EFBC}") = "TestProject1", "TestProject1\TestProject1.csproj", "{36A828BF-8212-405B-9F94-A92B39674CFE}"
EndProject
Project("{2150E333-8FDC-42A3-9474-1A3956D46DE8}") = "Core", "Core", "{E3E1E8DC-0B81-4359-82D0-858AA7656058}"
EndProject
Project("{FAE04EC0-301F-11D3-BF4B-00C04F79EFBC}") = "Domain", "Domain\Domain.csproj", "{E7BFD736-E9BC-4747-91E3-04C20364F6B5}"
EndProject
Project("{FAE04EC0-301F-11D3-BF4B-00C04F79EFBC}") = "Application", "Application\Application.csproj", "{CCF8827F-2B86-4003-9FF9-BF31003D0C3F}"
EndProject
Global
	GlobalSection(SolutionConfigurationPlatforms) = preSolution
		Debug|Any CPU = Debug|Any CPU
		Release|Any CPU = Release|Any CPU
	EndGlobalSection
	GlobalSection(NestedProjects) = preSolution
		{8A65A063-929F-4CD7-8298-8D470739A0F8} = {DBB08DEB-56CE-4A5E-93A5-8517F008765F}
		{78F8A2DF-0937-41FA-84C9-FD03B765BEFA} = {6ED8001B-497B-4003-AAE9-7FB362B00F26}
		{36A828BF-8212-405B-9F94-A92B39674CFE} = {D9BE291A-B912-4320-AAE1-EEF14F6E7368}
		{E7BFD736-E9BC-4747-91E3-04C20364F6B5} = {E3E1E8DC-0B81-4359-82D0-858AA7656058}
		{CCF8827F-2B86-4003-9FF9-BF31003D0C3F} = {E3E1E8DC-0B81-4359-82D0-858AA7656058}
	EndGlobalSection
	GlobalSection(ProjectConfigurationPlatforms) = postSolution
		{8A65A063-929F-4CD7-8298-8D470739A0F8}.Debug|Any CPU.ActiveCfg = Debug|Any CPU
		{8A65A063-929F-4CD7-8298-8D470739A0F8}.Debug|Any CPU.Build.0 = Debug|Any CPU
		{8A65A063-929F-4CD7-8298-8D470739A0F8}.Release|Any CPU.ActiveCfg = Release|Any CPU
		{8A65A063-929F-4CD7-8298-8D470739A0F8}.Release|Any CPU.Build.0 = Release|Any CPU
		{78F8A2DF-0937-41FA-84C9-FD03B765BEFA}.Debug|Any CPU.ActiveCfg = Debug|Any CPU
		{78F8A2DF-0937-41FA-84C9-FD03B765BEFA}.Debug|Any CPU.Build.0 = Debug|Any CPU
		{78F8A2DF-0937-41FA-84C9-FD03B765BEFA}.Release|Any CPU.ActiveCfg = Release|Any CPU
		{78F8A2DF-0937-41FA-84C9-FD03B765BEFA}.Release|Any CPU.Build.0 = Release|Any CPU
		{36A828BF-8212-405B-9F94-A92B39674CFE}.Debug|Any CPU.ActiveCfg = Debug|Any CPU
		{36A828BF-8212-405B-9F94-A92B39674CFE}.Debug|Any CPU.Build.0 = Debug|Any CPU
		{36A828BF-8212-405B-9F94-A92B39674CFE}.Release|Any CPU.ActiveCfg = Release|Any CPU
		{36A828BF-8212-405B-9F94-A92B39674CFE}.Release|Any CPU.Build.0 = Release|Any CPU
		{E7BFD736-E9BC-4747-91E3-04C20364F6B5}.Debug|Any CPU.ActiveCfg = Debug|Any CPU
		{E7BFD736-E9BC-4747-91E3-04C20364F6B5}.Debug|Any CPU.Build.0 = Debug|Any CPU
		{E7BFD736-E9BC-4747-91E3-04C20364F6B5}.Release|Any CPU.ActiveCfg = Release|Any CPU
		{E7BFD736-E9BC-4747-91E3-04C20364F6B5}.Release|Any CPU.Build.0 = Release|Any CPU
		{CCF8827F-2B86-4003-9FF9-BF31003D0C3F}.Debug|Any CPU.ActiveCfg = Debug|Any CPU
		{CCF8827F-2B86-4003-9FF9-BF31003D0C3F}.Debug|Any CPU.Build.0 = Debug|Any CPU
		{CCF8827F-2B86-4003-9FF9-BF31003D0C3F}.Release|Any CPU.ActiveCfg = Release|Any CPU
		{CCF8827F-2B86-4003-9FF9-BF31003D0C3F}.Release|Any CPU.Build.0 = Release|Any CPU
	EndGlobalSection
EndGlobal
